{
  "version": 4,
  "terraform_version": "1.3.8",
  "serial": 28,
  "lineage": "381e4b54-dfc5-bb0c-09b2-24ef21a810a2",
  "outputs": {
    "URL": {
      "value": "web-21-gaming-004.azurewebsites.net",
      "type": "string"
    }
  },
  "resources": [
    {
      "mode": "managed",
      "type": "azurerm_mssql_database",
      "name": "db_vm",
      "provider": "provider[\"registry.terraform.io/hashicorp/azurerm\"]",
      "instances": [
        {
          "schema_version": 1,
          "attributes": {
            "auto_pause_delay_in_minutes": 0,
            "collation": "SQL_Latin1_General_CP1_CI_AS",
            "create_mode": "Default",
            "creation_source_database_id": null,
            "elastic_pool_id": "",
            "geo_backup_enabled": true,
            "id": "/subscriptions/0e84bdb3-b9a6-4029-904f-b8bdaf0c8e19/resourceGroups/rg-21-gaming-004/providers/Microsoft.Sql/servers/dbserver0004/databases/vm-databasev2",
            "import": [],
            "ledger_enabled": false,
            "license_type": "LicenseIncluded",
            "long_term_retention_policy": [
              {
                "monthly_retention": "PT0S",
                "week_of_year": 1,
                "weekly_retention": "PT0S",
                "yearly_retention": "PT0S"
              }
            ],
            "maintenance_configuration_name": "SQL_Default",
            "max_size_gb": 1,
            "min_capacity": 0,
            "name": "vm-databasev2",
            "read_replica_count": 0,
            "read_scale": false,
            "recover_database_id": null,
            "restore_dropped_database_id": null,
            "restore_point_in_time": null,
            "sample_name": null,
            "server_id": "/subscriptions/0e84bdb3-b9a6-4029-904f-b8bdaf0c8e19/resourceGroups/rg-21-gaming-004/providers/Microsoft.Sql/servers/dbserver0004",
            "short_term_retention_policy": [
              {
                "backup_interval_in_hours": 24,
                "retention_days": 7
              }
            ],
            "sku_name": "S0",
            "storage_account_type": "Geo",
            "tags": {},
            "threat_detection_policy": [
              {
                "disabled_alerts": [],
                "email_account_admins": "Disabled",
                "email_addresses": [],
                "retention_days": 0,
                "state": "Disabled",
                "storage_account_access_key": "",
                "storage_endpoint": ""
              }
            ],
            "timeouts": null,
            "transparent_data_encryption_enabled": true,
            "zone_redundant": false
          },
          "sensitive_attributes": [],
          "private": "eyJlMmJmYjczMC1lY2FhLTExZTYtOGY4OC0zNDM2M2JjN2M0YzAiOnsiY3JlYXRlIjozNjAwMDAwMDAwMDAwLCJkZWxldGUiOjM2MDAwMDAwMDAwMDAsInJlYWQiOjMwMDAwMDAwMDAwMCwidXBkYXRlIjozNjAwMDAwMDAwMDAwfSwic2NoZW1hX3ZlcnNpb24iOiIxIn0=",
          "dependencies": [
            "azurerm_mssql_server.db_server_1",
            "azurerm_resource_group.rg_gaming_1"
          ]
        }
      ]
    },
    {
      "mode": "managed",
      "type": "azurerm_mssql_firewall_rule",
      "name": "gaming_1",
      "provider": "provider[\"registry.terraform.io/hashicorp/azurerm\"]",
      "instances": [
        {
          "schema_version": 0,
          "attributes": {
            "end_ip_address": "0.0.0.0",
            "id": "/subscriptions/0e84bdb3-b9a6-4029-904f-b8bdaf0c8e19/resourceGroups/rg-21-gaming-004/providers/Microsoft.Sql/servers/dbserver0004/firewallRules/FirewallRule1",
            "name": "FirewallRule1",
            "server_id": "/subscriptions/0e84bdb3-b9a6-4029-904f-b8bdaf0c8e19/resourceGroups/rg-21-gaming-004/providers/Microsoft.Sql/servers/dbserver0004",
            "start_ip_address": "0.0.0.0",
            "timeouts": null
          },
          "sensitive_attributes": [],
          "private": "eyJlMmJmYjczMC1lY2FhLTExZTYtOGY4OC0zNDM2M2JjN2M0YzAiOnsiY3JlYXRlIjoxODAwMDAwMDAwMDAwLCJkZWxldGUiOjE4MDAwMDAwMDAwMDAsInJlYWQiOjMwMDAwMDAwMDAwMCwidXBkYXRlIjoxODAwMDAwMDAwMDAwfX0=",
          "dependencies": [
            "azurerm_mssql_server.db_server_1"
          ]
        }
      ]
    },
    {
      "mode": "managed",
      "type": "azurerm_mssql_server",
      "name": "db_server_1",
      "provider": "provider[\"registry.terraform.io/hashicorp/azurerm\"]",
      "instances": [
        {
          "schema_version": 0,
          "attributes": {
            "administrator_login": "dodv2o",
            "administrator_login_password": "4-v3ry-53cr37-p455w0rd",
            "azuread_administrator": [],
            "connection_policy": "Default",
            "fully_qualified_domain_name": "dbserver0004.database.windows.net",
            "id": "/subscriptions/0e84bdb3-b9a6-4029-904f-b8bdaf0c8e19/resourceGroups/rg-21-gaming-004/providers/Microsoft.Sql/servers/dbserver0004",
            "identity": [],
            "location": "francecentral",
            "minimum_tls_version": "1.2",
            "name": "dbserver0004",
            "outbound_network_restriction_enabled": false,
            "primary_user_assigned_identity_id": "",
            "public_network_access_enabled": true,
            "resource_group_name": "rg-21-gaming-004",
            "restorable_dropped_database_ids": [],
            "tags": {
              "environment": "production"
            },
            "timeouts": null,
            "version": "12.0"
          },
          "sensitive_attributes": [],
          "private": "eyJlMmJmYjczMC1lY2FhLTExZTYtOGY4OC0zNDM2M2JjN2M0YzAiOnsiY3JlYXRlIjozNjAwMDAwMDAwMDAwLCJkZWxldGUiOjM2MDAwMDAwMDAwMDAsInJlYWQiOjMwMDAwMDAwMDAwMCwidXBkYXRlIjozNjAwMDAwMDAwMDAwfX0=",
          "dependencies": [
            "azurerm_resource_group.rg_gaming_1"
          ]
        }
      ]
    },
    {
      "mode": "managed",
      "type": "azurerm_resource_group",
      "name": "rg_gaming_1",
      "provider": "provider[\"registry.terraform.io/hashicorp/azurerm\"]",
      "instances": [
        {
          "schema_version": 0,
          "attributes": {
            "id": "/subscriptions/0e84bdb3-b9a6-4029-904f-b8bdaf0c8e19/resourceGroups/rg-21-gaming-004",
            "location": "francecentral",
            "name": "rg-21-gaming-004",
            "tags": {},
            "timeouts": null
          },
          "sensitive_attributes": [],
          "private": "eyJlMmJmYjczMC1lY2FhLTExZTYtOGY4OC0zNDM2M2JjN2M0YzAiOnsiY3JlYXRlIjo1NDAwMDAwMDAwMDAwLCJkZWxldGUiOjU0MDAwMDAwMDAwMDAsInJlYWQiOjMwMDAwMDAwMDAwMCwidXBkYXRlIjo1NDAwMDAwMDAwMDAwfX0="
        }
      ]
    },
    {
      "mode": "managed",
      "type": "azurerm_service_plan",
      "name": "asp_gaming_1",
      "provider": "provider[\"registry.terraform.io/hashicorp/azurerm\"]",
      "instances": [
        {
          "schema_version": 0,
          "attributes": {
            "app_service_environment_id": "",
            "id": "/subscriptions/0e84bdb3-b9a6-4029-904f-b8bdaf0c8e19/resourceGroups/rg-21-gaming-004/providers/Microsoft.Web/serverfarms/asp-21-gaming-004",
            "kind": "app",
            "location": "francecentral",
            "maximum_elastic_worker_count": 1,
            "name": "asp-21-gaming-004",
            "os_type": "Windows",
            "per_site_scaling_enabled": false,
            "reserved": false,
            "resource_group_name": "rg-21-gaming-004",
            "sku_name": "P1v2",
            "tags": {},
            "timeouts": null,
            "worker_count": 1,
            "zone_balancing_enabled": false
          },
          "sensitive_attributes": [],
          "private": "eyJlMmJmYjczMC1lY2FhLTExZTYtOGY4OC0zNDM2M2JjN2M0YzAiOnsiY3JlYXRlIjozNjAwMDAwMDAwMDAwLCJkZWxldGUiOjM2MDAwMDAwMDAwMDAsInJlYWQiOjMwMDAwMDAwMDAwMCwidXBkYXRlIjozNjAwMDAwMDAwMDAwfX0=",
          "dependencies": [
            "azurerm_resource_group.rg_gaming_1"
          ]
        }
      ]
    },
    {
      "mode": "managed",
      "type": "azurerm_storage_account",
      "name": "db_account_1",
      "provider": "provider[\"registry.terraform.io/hashicorp/azurerm\"]",
      "instances": [
        {
          "schema_version": 3,
          "attributes": {
            "access_tier": "Hot",
            "account_kind": "StorageV2",
            "account_replication_type": "LRS",
            "account_tier": "Standard",
            "allow_nested_items_to_be_public": true,
            "allowed_copy_scope": "",
            "azure_files_authentication": [],
            "blob_properties": [
              {
                "change_feed_enabled": false,
                "change_feed_retention_in_days": 0,
                "container_delete_retention_policy": [],
                "cors_rule": [],
                "default_service_version": "",
                "delete_retention_policy": [],
                "last_access_time_enabled": false,
                "restore_policy": [],
                "versioning_enabled": false
              }
            ],
            "cross_tenant_replication_enabled": true,
            "custom_domain": [],
            "customer_managed_key": [],
            "default_to_oauth_authentication": false,
            "edge_zone": "",
            "enable_https_traffic_only": true,
            "id": "/subscriptions/0e84bdb3-b9a6-4029-904f-b8bdaf0c8e19/resourceGroups/rg-21-gaming-004/providers/Microsoft.Storage/storageAccounts/gauronv2",
            "identity": [],
            "immutability_policy": [],
            "infrastructure_encryption_enabled": false,
            "is_hns_enabled": false,
            "large_file_share_enabled": null,
            "location": "francecentral",
            "min_tls_version": "TLS1_2",
            "name": "gauronv2",
            "network_rules": [
              {
                "bypass": [
                  "AzureServices"
                ],
                "default_action": "Allow",
                "ip_rules": [],
                "private_link_access": [],
                "virtual_network_subnet_ids": []
              }
            ],
            "nfsv3_enabled": false,
            "primary_access_key": "FLYsmBuW96tG6vZp5AFp1ZLu5eaIozWCJYxSGrLz/wypdtzB0FZ7wIRI6R4n5SKjTskGMHtHk/Qn+AStFkJqsg==",
            "primary_blob_connection_string": "DefaultEndpointsProtocol=https;BlobEndpoint=https://gauronv2.blob.core.windows.net/;AccountName=gauronv2;AccountKey=FLYsmBuW96tG6vZp5AFp1ZLu5eaIozWCJYxSGrLz/wypdtzB0FZ7wIRI6R4n5SKjTskGMHtHk/Qn+AStFkJqsg==",
            "primary_blob_endpoint": "https://gauronv2.blob.core.windows.net/",
            "primary_blob_host": "gauronv2.blob.core.windows.net",
            "primary_connection_string": "DefaultEndpointsProtocol=https;AccountName=gauronv2;AccountKey=FLYsmBuW96tG6vZp5AFp1ZLu5eaIozWCJYxSGrLz/wypdtzB0FZ7wIRI6R4n5SKjTskGMHtHk/Qn+AStFkJqsg==;EndpointSuffix=core.windows.net",
            "primary_dfs_endpoint": "https://gauronv2.dfs.core.windows.net/",
            "primary_dfs_host": "gauronv2.dfs.core.windows.net",
            "primary_file_endpoint": "https://gauronv2.file.core.windows.net/",
            "primary_file_host": "gauronv2.file.core.windows.net",
            "primary_location": "francecentral",
            "primary_queue_endpoint": "https://gauronv2.queue.core.windows.net/",
            "primary_queue_host": "gauronv2.queue.core.windows.net",
            "primary_table_endpoint": "https://gauronv2.table.core.windows.net/",
            "primary_table_host": "gauronv2.table.core.windows.net",
            "primary_web_endpoint": "https://gauronv2.z28.web.core.windows.net/",
            "primary_web_host": "gauronv2.z28.web.core.windows.net",
            "public_network_access_enabled": true,
            "queue_encryption_key_type": "Service",
            "queue_properties": [
              {
                "cors_rule": [],
                "hour_metrics": [
                  {
                    "enabled": true,
                    "include_apis": true,
                    "retention_policy_days": 7,
                    "version": "1.0"
                  }
                ],
                "logging": [
                  {
                    "delete": false,
                    "read": false,
                    "retention_policy_days": 0,
                    "version": "1.0",
                    "write": false
                  }
                ],
                "minute_metrics": [
                  {
                    "enabled": false,
                    "include_apis": false,
                    "retention_policy_days": 0,
                    "version": "1.0"
                  }
                ]
              }
            ],
            "resource_group_name": "rg-21-gaming-004",
            "routing": [],
            "sas_policy": [],
            "secondary_access_key": "i5coLGn+BbyEU4nU8A0AnoqY212qDNF59vRSTkDKVHhlw8ygh3F0LGQb5gzF1FpHBSAQtpT//ExY+AStRFEiRw==",
            "secondary_blob_connection_string": "",
            "secondary_blob_endpoint": null,
            "secondary_blob_host": null,
            "secondary_connection_string": "DefaultEndpointsProtocol=https;AccountName=gauronv2;AccountKey=i5coLGn+BbyEU4nU8A0AnoqY212qDNF59vRSTkDKVHhlw8ygh3F0LGQb5gzF1FpHBSAQtpT//ExY+AStRFEiRw==;EndpointSuffix=core.windows.net",
            "secondary_dfs_endpoint": null,
            "secondary_dfs_host": null,
            "secondary_file_endpoint": null,
            "secondary_file_host": null,
            "secondary_location": "",
            "secondary_queue_endpoint": null,
            "secondary_queue_host": null,
            "secondary_table_endpoint": null,
            "secondary_table_host": null,
            "secondary_web_endpoint": null,
            "secondary_web_host": null,
            "sftp_enabled": false,
            "share_properties": [
              {
                "cors_rule": [],
                "retention_policy": [
                  {
                    "days": 7
                  }
                ],
                "smb": []
              }
            ],
            "shared_access_key_enabled": true,
            "static_website": [],
            "table_encryption_key_type": "Service",
            "tags": {},
            "timeouts": null
          },
          "sensitive_attributes": [],
          "private": "eyJlMmJmYjczMC1lY2FhLTExZTYtOGY4OC0zNDM2M2JjN2M0YzAiOnsiY3JlYXRlIjozNjAwMDAwMDAwMDAwLCJkZWxldGUiOjM2MDAwMDAwMDAwMDAsInJlYWQiOjMwMDAwMDAwMDAwMCwidXBkYXRlIjozNjAwMDAwMDAwMDAwfSwic2NoZW1hX3ZlcnNpb24iOiIzIn0=",
          "dependencies": [
            "azurerm_resource_group.rg_gaming_1"
          ]
        }
      ]
    },
    {
      "mode": "managed",
      "type": "azurerm_windows_web_app",
      "name": "web_gaming_2",
      "provider": "provider[\"registry.terraform.io/hashicorp/azurerm\"]",
      "instances": [
        {
          "schema_version": 0,
          "attributes": {
            "app_settings": {},
            "auth_settings": [
              {
                "active_directory": [],
                "additional_login_parameters": {},
                "allowed_external_redirect_urls": [],
                "default_provider": "",
                "enabled": false,
                "facebook": [],
                "github": [],
                "google": [],
                "issuer": "",
                "microsoft": [],
                "runtime_version": "",
                "token_refresh_extension_hours": 0,
                "token_store_enabled": false,
                "twitter": [],
                "unauthenticated_client_action": ""
              }
            ],
            "backup": [],
            "client_affinity_enabled": false,
            "client_certificate_enabled": false,
            "client_certificate_exclusion_paths": "",
            "client_certificate_mode": "Required",
            "connection_string": [],
            "custom_domain_verification_id": "9EE3C29B51BC52B6C5099135612686F89E268CA0E4898182AA51A7FF9920879E",
            "default_hostname": "web-21-gaming-004.azurewebsites.net",
            "enabled": true,
            "https_only": false,
            "id": "/subscriptions/0e84bdb3-b9a6-4029-904f-b8bdaf0c8e19/resourceGroups/rg-21-gaming-004/providers/Microsoft.Web/sites/web-21-gaming-004",
            "identity": [],
            "key_vault_reference_identity_id": "SystemAssigned",
            "kind": "app",
            "location": "francecentral",
            "logs": [],
            "name": "web-21-gaming-004",
            "outbound_ip_address_list": [
              "51.103.5.67",
              "51.103.5.120",
              "51.103.5.122",
              "51.103.5.156",
              "51.103.5.163",
              "51.103.5.188",
              "20.111.1.0"
            ],
            "outbound_ip_addresses": "51.103.5.67,51.103.5.120,51.103.5.122,51.103.5.156,51.103.5.163,51.103.5.188,20.111.1.0",
            "possible_outbound_ip_address_list": [
              "51.103.0.54",
              "51.103.4.31",
              "51.103.5.0",
              "51.103.5.19",
              "51.103.5.26",
              "51.103.5.53",
              "51.103.5.67",
              "51.103.5.120",
              "51.103.5.122",
              "51.103.5.156",
              "51.103.5.163",
              "51.103.5.188",
              "51.103.7.4",
              "51.103.7.59",
              "51.103.7.60",
              "51.103.7.91",
              "51.103.7.107",
              "51.103.7.113",
              "51.103.7.117",
              "51.103.7.135",
              "51.103.6.4",
              "51.103.7.150",
              "51.103.7.162",
              "51.103.7.167",
              "51.103.4.157",
              "51.103.7.177",
              "51.103.7.201",
              "51.103.7.206",
              "51.103.3.118",
              "51.103.7.208",
              "20.111.1.0"
            ],
            "possible_outbound_ip_addresses": "51.103.0.54,51.103.4.31,51.103.5.0,51.103.5.19,51.103.5.26,51.103.5.53,51.103.5.67,51.103.5.120,51.103.5.122,51.103.5.156,51.103.5.163,51.103.5.188,51.103.7.4,51.103.7.59,51.103.7.60,51.103.7.91,51.103.7.107,51.103.7.113,51.103.7.117,51.103.7.135,51.103.6.4,51.103.7.150,51.103.7.162,51.103.7.167,51.103.4.157,51.103.7.177,51.103.7.201,51.103.7.206,51.103.3.118,51.103.7.208,20.111.1.0",
            "resource_group_name": "rg-21-gaming-004",
            "service_plan_id": "/subscriptions/0e84bdb3-b9a6-4029-904f-b8bdaf0c8e19/resourceGroups/rg-21-gaming-004/providers/Microsoft.Web/serverfarms/asp-21-gaming-004",
            "site_config": [
              {
                "always_on": true,
                "api_definition_url": "",
                "api_management_api_id": "",
                "app_command_line": "",
                "application_stack": [
                  {
                    "current_stack": "dotnet",
                    "docker_container_name": "",
                    "docker_container_registry": "",
                    "docker_container_tag": "",
                    "dotnet_core_version": "",
                    "dotnet_version": "v7.0",
                    "java_container": "",
                    "java_container_version": "",
                    "java_embedded_server_enabled": false,
                    "java_version": "",
                    "node_version": "",
                    "php_version": "5.6",
                    "python": false,
                    "python_version": "",
                    "tomcat_version": ""
                  }
                ],
                "auto_heal_enabled": false,
                "auto_heal_setting": [],
                "container_registry_managed_identity_client_id": "",
                "container_registry_use_managed_identity": false,
                "cors": [],
                "default_documents": [
                  "Default.htm",
                  "Default.html",
                  "Default.asp",
                  "index.htm",
                  "index.html",
                  "iisstart.htm",
                  "default.aspx",
                  "index.php",
                  "hostingstart.html"
                ],
                "detailed_error_logging_enabled": false,
                "ftps_state": "Disabled",
                "health_check_eviction_time_in_min": 0,
                "health_check_path": "",
                "http2_enabled": false,
                "ip_restriction": [],
                "linux_fx_version": "",
                "load_balancing_mode": "LeastRequests",
                "local_mysql_enabled": false,
                "managed_pipeline_mode": "Integrated",
                "minimum_tls_version": "1.2",
                "remote_debugging_enabled": false,
                "remote_debugging_version": "VS2019",
                "scm_ip_restriction": [],
                "scm_minimum_tls_version": "1.2",
                "scm_type": "None",
                "scm_use_main_ip_restriction": false,
                "use_32_bit_worker": true,
                "virtual_application": [],
                "vnet_route_all_enabled": false,
                "websockets_enabled": false,
                "windows_fx_version": "",
                "worker_count": 1
              }
            ],
            "site_credential": [
              {
                "name": "$web-21-gaming-004",
                "password": "ZQdPcXptCJSXbzmtfTZAikBA6fBBMXeolAb7Nbmk84y1X7BBlnykrh2whql5"
              }
            ],
            "sticky_settings": [],
            "storage_account": [],
            "tags": {},
            "timeouts": null,
            "virtual_network_subnet_id": "",
            "zip_deploy_file": ""
          },
          "sensitive_attributes": [],
          "private": "eyJlMmJmYjczMC1lY2FhLTExZTYtOGY4OC0zNDM2M2JjN2M0YzAiOnsiY3JlYXRlIjoxODAwMDAwMDAwMDAwLCJkZWxldGUiOjE4MDAwMDAwMDAwMDAsInJlYWQiOjMwMDAwMDAwMDAwMCwidXBkYXRlIjoxODAwMDAwMDAwMDAwfX0=",
          "dependencies": [
            "azurerm_resource_group.rg_gaming_1",
            "azurerm_service_plan.asp_gaming_1"
          ]
        }
      ]
    }
  ],
  "check_results": null
}
